
Microsoft Visual Studio Solution File, Format Version 12.00
# Visual Studio Version 17
VisualStudioVersion = 17.7.34031.279
MinimumVisualStudioVersion = 10.0.40219.1
Project("{9A19103F-16F7-4668-BE54-9A1E7A4F7556}") = "PresentationLayer", "PresentationLayer\PresentationLayer.csproj", "{A82C347C-15EE-463A-BB62-646888C9C668}"
EndProject
Project("{FAE04EC0-301F-11D3-BF4B-00C04F79EFBC}") = "DataLayer", "DataLayer\DataLayer.csproj", "{B6230D92-B368-4A30-B428-C0988090C8D3}"
EndProject
Project("{FAE04EC0-301F-11D3-BF4B-00C04F79EFBC}") = "CommonLayer", "CommonLayer\CommonLayer.csproj", "{67C3D531-31CD-4F98-AA94-CC70FD6EED7C}"
EndProject
Global
	GlobalSection(SolutionConfigurationPlatforms) = preSolution
		Debug|Any CPU = Debug|Any CPU
		Release|Any CPU = Release|Any CPU
	EndGlobalSection
	GlobalSection(ProjectConfigurationPlatforms) = postSolution
		{A82C347C-15EE-463A-BB62-646888C9C668}.Debug|Any CPU.ActiveCfg = Debug|Any CPU
		{A82C347C-15EE-463A-BB62-646888C9C668}.Debug|Any CPU.Build.0 = Debug|Any CPU
		{A82C347C-15EE-463A-BB62-646888C9C668}.Release|Any CPU.ActiveCfg = Release|Any CPU
		{A82C347C-15EE-463A-BB62-646888C9C668}.Release|Any CPU.Build.0 = Release|Any CPU
		{B6230D92-B368-4A30-B428-C0988090C8D3}.Debug|Any CPU.ActiveCfg = Debug|Any CPU
		{B6230D92-B368-4A30-B428-C0988090C8D3}.Debug|Any CPU.Build.0 = Debug|Any CPU
		{B6230D92-B368-4A30-B428-C0988090C8D3}.Release|Any CPU.ActiveCfg = Release|Any CPU
		{B6230D92-B368-4A30-B428-C0988090C8D3}.Release|Any CPU.Build.0 = Release|Any CPU
		{67C3D531-31CD-4F98-AA94-CC70FD6EED7C}.Debug|Any CPU.ActiveCfg = Debug|Any CPU
		{67C3D531-31CD-4F98-AA94-CC70FD6EED7C}.Debug|Any CPU.Build.0 = Debug|Any CPU
		{67C3D531-31CD-4F98-AA94-CC70FD6EED7C}.Release|Any CPU.ActiveCfg = Release|Any CPU
		{67C3D531-31CD-4F98-AA94-CC70FD6EED7C}.Release|Any CPU.Build.0 = Release|Any CPU
	EndGlobalSection
	GlobalSection(SolutionProperties) = preSolution
		HideSolutionNode = FALSE
	EndGlobalSection
	GlobalSection(ExtensibilityGlobals) = postSolution
		SolutionGuid = {7BA0B3CE-7E8E-432D-8F9D-FA93153C4C71}
	EndGlobalSection
EndGlobal
